<?xml version="1.0" encoding="utf-8"?>
<Project ToolsVersion="4.0" xmlns="http://schemas.microsoft.com/developer/msbuild/2003">
  <ItemGroup>
    <Filter Include="Main">
      <UniqueIdentifier>{4FC737F1-C7A5-4376-A066-2A32D752A2FF}</UniqueIdentifier>
      <Extensions>cpp;c;cc;cxx;def;odl;idl;hpj;bat;asm;asmx</Extensions>
    </Filter>
    <Filter Include="Game Modules">
      <UniqueIdentifier>{15b5cbc6-cd68-4e6e-8935-b04f2fdf7bf4}</UniqueIdentifier>
    </Filter>
    <Filter Include="Core Modules">
      <UniqueIdentifier>{72b85efa-930b-4213-a8ec-2f0f817410d1}</UniqueIdentifier>
    </Filter>
    <Filter Include="Utils">
      <UniqueIdentifier>{ad89cf24-f35e-4d0c-90e5-820c054c274d}</UniqueIdentifier>
    </Filter>
  </ItemGroup>
  <ItemGroup>
    <ClInclude Include="3rdparty\parson.h">
      <Filter>Utils</Filter>
    </ClInclude>
    <ClInclude Include="src\Animation.h">
      <Filter>Game Modules</Filter>
    </ClInclude>
    <ClInclude Include="src\Antonio.h">
      <Filter>Game Modules</Filter>
    </ClInclude>
    <ClInclude Include="src\Enemy.h">
      <Filter>Game Modules</Filter>
    </ClInclude>
    <ClInclude Include="src\ModuleCollision.h">
      <Filter>Core Modules</Filter>
    </ClInclude>
    <ClInclude Include="src\AntonioFSM.h">
      <Filter>Game Modules</Filter>
    </ClInclude>
    <ClInclude Include="src\Application.h">
      <Filter>Main</Filter>
    </ClInclude>
    <ClInclude Include="src\Entity.h">
      <Filter>Game Modules</Filter>
    </ClInclude>
    <ClInclude Include="src\GameTimer.h">
      <Filter>Utils</Filter>
    </ClInclude>
    <ClInclude Include="src\Garcia.h">
      <Filter>Game Modules</Filter>
    </ClInclude>
    <ClInclude Include="src\GarciaFSM.h">
      <Filter>Game Modules</Filter>
    </ClInclude>
    <ClInclude Include="src\Globals.h">
      <Filter>Main</Filter>
    </ClInclude>
    <ClInclude Include="src\GUI.h">
      <Filter>Game Modules</Filter>
    </ClInclude>
    <ClInclude Include="src\HealthBar.h">
      <Filter>Game Modules</Filter>
    </ClInclude>
    <ClInclude Include="src\HealthChicken.h">
      <Filter>Game Modules</Filter>
    </ClInclude>
    <ClInclude Include="src\JSONDataLoader.h">
      <Filter>Utils</Filter>
    </ClInclude>
    <ClInclude Include="src\MemLeaks.h">
      <Filter>Utils</Filter>
    </ClInclude>
    <ClInclude Include="src\Module.h">
      <Filter>Core Modules</Filter>
    </ClInclude>
    <ClInclude Include="src\ModuleAudio.h">
      <Filter>Core Modules</Filter>
    </ClInclude>
    <ClInclude Include="src\ModuleEnemies.h">
      <Filter>Game Modules</Filter>
    </ClInclude>
    <ClInclude Include="src\ModuleFadeToBlack.h">
      <Filter>Core Modules</Filter>
    </ClInclude>
    <ClInclude Include="src\ModuleInput.h">
      <Filter>Core Modules</Filter>
    </ClInclude>
    <ClInclude Include="src\ModuleParticles.h">
      <Filter>Core Modules</Filter>
    </ClInclude>
    <ClInclude Include="src\ModulePlayer.h">
      <Filter>Game Modules</Filter>
    </ClInclude>
    <ClInclude Include="src\ModuleRender.h">
      <Filter>Core Modules</Filter>
    </ClInclude>
    <ClInclude Include="src\ModuleSceneRound1.h">
      <Filter>Game Modules</Filter>
    </ClInclude>
    <ClInclude Include="src\ModuleTextures.h">
      <Filter>Core Modules</Filter>
    </ClInclude>
    <ClInclude Include="src\ModuleTitle.h">
      <Filter>Game Modules</Filter>
    </ClInclude>
    <ClInclude Include="src\ModuleWindow.h">
      <Filter>Core Modules</Filter>
    </ClInclude>
    <ClInclude Include="src\Player.h">
      <Filter>Game Modules</Filter>
    </ClInclude>
    <ClInclude Include="src\PlayerFSM.h">
      <Filter>Game Modules</Filter>
    </ClInclude>
    <ClInclude Include="src\Point.h">
      <Filter>Utils</Filter>
    </ClInclude>
    <ClInclude Include="src\ScenarioElement.h">
      <Filter>Game Modules</Filter>
    </ClInclude>
    <ClInclude Include="src\Utilities.h">
      <Filter>Utils</Filter>
    </ClInclude>
  </ItemGroup>
  <ItemGroup>
    <ClCompile Include="3rdparty\parson.c">
      <Filter>Utils</Filter>
    </ClCompile>
    <ClCompile Include="src\Antonio.cpp">
      <Filter>Game Modules</Filter>
    </ClCompile>
    <ClCompile Include="src\Enemy.cpp">
      <Filter>Game Modules</Filter>
    </ClCompile>
    <ClCompile Include="src\ModuleCollision.cpp">
      <Filter>Core Modules</Filter>
    </ClCompile>
    <ClCompile Include="src\AntonioFSM.cpp">
      <Filter>Game Modules</Filter>
    </ClCompile>
    <ClCompile Include="src\Application.cpp">
      <Filter>Main</Filter>
    </ClCompile>
    <ClCompile Include="src\Entity.cpp">
      <Filter>Game Modules</Filter>
    </ClCompile>
    <ClCompile Include="src\GameTimer.cpp">
      <Filter>Utils</Filter>
    </ClCompile>
    <ClCompile Include="src\Garcia.cpp">
      <Filter>Game Modules</Filter>
    </ClCompile>
    <ClCompile Include="src\GarciaFSM.cpp">
      <Filter>Game Modules</Filter>
    </ClCompile>
    <ClCompile Include="src\GUI.cpp">
      <Filter>Game Modules</Filter>
    </ClCompile>
    <ClCompile Include="src\HealthBar.cpp">
      <Filter>Game Modules</Filter>
    </ClCompile>
    <ClCompile Include="src\HealthChicken.cpp">
      <Filter>Game Modules</Filter>
    </ClCompile>
    <ClCompile Include="src\JSONDataLoader.cpp">
      <Filter>Utils</Filter>
    </ClCompile>
    <ClCompile Include="src\Log.cpp">
      <Filter>Utils</Filter>
    </ClCompile>
    <ClCompile Include="src\Main.cpp">
      <Filter>Main</Filter>
    </ClCompile>
    <ClCompile Include="src\ModuleAudio.cpp">
      <Filter>Core Modules</Filter>
    </ClCompile>
    <ClCompile Include="src\ModuleEnemies.cpp">
      <Filter>Game Modules</Filter>
    </ClCompile>
    <ClCompile Include="src\ModuleFadeToBlack.cpp">
      <Filter>Core Modules</Filter>
    </ClCompile>
    <ClCompile Include="src\ModuleInput.cpp">
      <Filter>Core Modules</Filter>
    </ClCompile>
    <ClCompile Include="src\ModuleParticles.cpp">
      <Filter>Core Modules</Filter>
    </ClCompile>
    <ClCompile Include="src\ModulePlayer.cpp">
      <Filter>Game Modules</Filter>
    </ClCompile>
    <ClCompile Include="src\ModuleRender.cpp">
      <Filter>Core Modules</Filter>
    </ClCompile>
    <ClCompile Include="src\ModuleSceneRound1.cpp">
      <Filter>Game Modules</Filter>
    </ClCompile>
    <ClCompile Include="src\ModuleTextures.cpp">
      <Filter>Core Modules</Filter>
    </ClCompile>
    <ClCompile Include="src\ModuleTitle.cpp">
      <Filter>Game Modules</Filter>
    </ClCompile>
    <ClCompile Include="src\ModuleWindow.cpp">
      <Filter>Core Modules</Filter>
    </ClCompile>
    <ClCompile Include="src\Player.cpp">
      <Filter>Game Modules</Filter>
    </ClCompile>
    <ClCompile Include="src\PlayerFSM.cpp">
      <Filter>Game Modules</Filter>
    </ClCompile>
    <ClCompile Include="src\ScenarioElement.cpp">
      <Filter>Game Modules</Filter>
    </ClCompile>
  </ItemGroup>
</Project>